
Microsoft Visual Studio Solution File, Format Version 12.00
# Visual Studio Version 17
VisualStudioVersion = 17.0.31903.59
MinimumVisualStudioVersion = 10.0.40219.1
Project("{2150E333-8FDC-42A3-9474-1A3956D46DE8}") = "docs", "docs", "{97E81EF6-446E-46AF-81EB-1358141B056A}"
EndProject
Project("{2150E333-8FDC-42A3-9474-1A3956D46DE8}") = "rebrand", "rebrand", "{D9C07F80-0FAA-4531-9411-7348F72C763B}"
EndProject
Project("{2150E333-8FDC-42A3-9474-1A3956D46DE8}") = "DSA", "DSA", "{F21DC516-2017-47EE-8D8F-6D511DB4391F}"
EndProject
Project("{FAE04EC0-301F-11D3-BF4B-00C04F79EFBC}") = "DSAConsole", "docs\rebrand\DSA\DSAConsole\DSAConsole.csproj", "{CC856D7F-AD65-4730-AC75-92F0FB0E6F6B}"
EndProject
Project("{2150E333-8FDC-42A3-9474-1A3956D46DE8}") = "ASPNET", "ASPNET", "{2981867B-CBCE-4712-A289-AB0E3033EC7B}"
EndProject
Project("{2150E333-8FDC-42A3-9474-1A3956D46DE8}") = "WebAPI", "WebAPI", "{71F84BB4-EC18-4E4E-B8C7-2C7D0AD1568E}"
EndProject
Project("{FAE04EC0-301F-11D3-BF4B-00C04F79EFBC}") = "WebAPILab01", "docs\rebrand\ASPNET\WebAPI\WebAPILab01\WebAPILab01.csproj", "{EC88F4A9-9D7E-4096-9158-CCFE312C3462}"
EndProject
Project("{FAE04EC0-301F-11D3-BF4B-00C04F79EFBC}") = "WebMVCLab01", "docs\rebrand\ASPNET\WebAPI\WebMVCLab01\WebMVCLab01.csproj", "{3C10849C-54A1-4F33-AD36-EED196C35742}"
EndProject
Project("{2150E333-8FDC-42A3-9474-1A3956D46DE8}") = "ConsoleNET", "ConsoleNET", "{50701F20-6D45-4646-A50C-09A68DB8CADD}"
EndProject
Project("{FAE04EC0-301F-11D3-BF4B-00C04F79EFBC}") = "ConsoleAppLab01", "docs\rebrand\ConsoleNET\ConsoleAppLab01\ConsoleAppLab01.csproj", "{8BE87B30-53CF-4A88-B0C4-DD390265C995}"
EndProject
Global
	GlobalSection(SolutionConfigurationPlatforms) = preSolution
		Debug|Any CPU = Debug|Any CPU
		Release|Any CPU = Release|Any CPU
	EndGlobalSection
	GlobalSection(SolutionProperties) = preSolution
		HideSolutionNode = FALSE
	EndGlobalSection
	GlobalSection(ProjectConfigurationPlatforms) = postSolution
		{CC856D7F-AD65-4730-AC75-92F0FB0E6F6B}.Debug|Any CPU.ActiveCfg = Debug|Any CPU
		{CC856D7F-AD65-4730-AC75-92F0FB0E6F6B}.Debug|Any CPU.Build.0 = Debug|Any CPU
		{CC856D7F-AD65-4730-AC75-92F0FB0E6F6B}.Release|Any CPU.ActiveCfg = Release|Any CPU
		{CC856D7F-AD65-4730-AC75-92F0FB0E6F6B}.Release|Any CPU.Build.0 = Release|Any CPU
		{EC88F4A9-9D7E-4096-9158-CCFE312C3462}.Debug|Any CPU.ActiveCfg = Debug|Any CPU
		{EC88F4A9-9D7E-4096-9158-CCFE312C3462}.Debug|Any CPU.Build.0 = Debug|Any CPU
		{EC88F4A9-9D7E-4096-9158-CCFE312C3462}.Release|Any CPU.ActiveCfg = Release|Any CPU
		{EC88F4A9-9D7E-4096-9158-CCFE312C3462}.Release|Any CPU.Build.0 = Release|Any CPU
		{3C10849C-54A1-4F33-AD36-EED196C35742}.Debug|Any CPU.ActiveCfg = Debug|Any CPU
		{3C10849C-54A1-4F33-AD36-EED196C35742}.Debug|Any CPU.Build.0 = Debug|Any CPU
		{3C10849C-54A1-4F33-AD36-EED196C35742}.Release|Any CPU.ActiveCfg = Release|Any CPU
		{3C10849C-54A1-4F33-AD36-EED196C35742}.Release|Any CPU.Build.0 = Release|Any CPU
		{8BE87B30-53CF-4A88-B0C4-DD390265C995}.Debug|Any CPU.ActiveCfg = Debug|Any CPU
		{8BE87B30-53CF-4A88-B0C4-DD390265C995}.Debug|Any CPU.Build.0 = Debug|Any CPU
		{8BE87B30-53CF-4A88-B0C4-DD390265C995}.Release|Any CPU.ActiveCfg = Release|Any CPU
		{8BE87B30-53CF-4A88-B0C4-DD390265C995}.Release|Any CPU.Build.0 = Release|Any CPU
	EndGlobalSection
	GlobalSection(NestedProjects) = preSolution
		{D9C07F80-0FAA-4531-9411-7348F72C763B} = {97E81EF6-446E-46AF-81EB-1358141B056A}
		{F21DC516-2017-47EE-8D8F-6D511DB4391F} = {D9C07F80-0FAA-4531-9411-7348F72C763B}
		{CC856D7F-AD65-4730-AC75-92F0FB0E6F6B} = {F21DC516-2017-47EE-8D8F-6D511DB4391F}
		{2981867B-CBCE-4712-A289-AB0E3033EC7B} = {D9C07F80-0FAA-4531-9411-7348F72C763B}
		{71F84BB4-EC18-4E4E-B8C7-2C7D0AD1568E} = {2981867B-CBCE-4712-A289-AB0E3033EC7B}
		{EC88F4A9-9D7E-4096-9158-CCFE312C3462} = {71F84BB4-EC18-4E4E-B8C7-2C7D0AD1568E}
		{3C10849C-54A1-4F33-AD36-EED196C35742} = {71F84BB4-EC18-4E4E-B8C7-2C7D0AD1568E}
		{50701F20-6D45-4646-A50C-09A68DB8CADD} = {D9C07F80-0FAA-4531-9411-7348F72C763B}
		{8BE87B30-53CF-4A88-B0C4-DD390265C995} = {50701F20-6D45-4646-A50C-09A68DB8CADD}
	EndGlobalSection
EndGlobal
